# This file is automatically @generated by Cargo.
# It is not intended for manual editing.
version = 4

[[package]]
name = "bootstrap"
version = "0.1.0"

[[package]]
name = "bootstrap"
version = "0.1.0"
source = "git+https://github.com/blueglyph/bootstrap?tag=v1.0#2d0ea06c42bb29aba2d310c964175f503fe2c578"

[[package]]
name = "bootstrap_lib"
version = "0.3.0"
dependencies = [
 "bootstrap 0.1.0",
 "lexiparser 0.1.0",
]

[[package]]
name = "bootstrap_lib"
version = "0.3.0"
source = "git+https://github.com/blueglyph/bootstrap?tag=v3.0#453cca6db75113401d11924ee012dfd38fe8d3fd"
dependencies = [
 "lexiparser 0.1.0 (git+https://github.com/blueglyph/bootstrap?tag=v3.0)",
]

[[package]]
name = "lexiparser"
version = "0.1.0"
dependencies = [
 "bootstrap 0.1.0 (git+https://github.com/blueglyph/bootstrap?tag=v1.0)",
]

[[package]]
name = "lexiparser"
version = "0.1.0"
source = "git+https://github.com/blueglyph/bootstrap?tag=v3.0#453cca6db75113401d11924ee012dfd38fe8d3fd"
dependencies = [
 "bootstrap 0.1.0 (git+https://github.com/blueglyph/bootstrap?tag=v1.0)",
]

[[package]]
name = "make_lexiparser"
version = "0.1.0"
dependencies = [
 "bootstrap_lib 0.3.0 (git+https://github.com/blueglyph/bootstrap?tag=v3.0)",
 "lexiparser 0.1.0 (git+https://github.com/blueglyph/bootstrap?tag=v3.0)",
]
