# This file is automatically @generated by Cargo.
# It is not intended for manual editing.
version = 4

[[package]]
name = "bootstrap"
version = "0.1.0"
source = "git+https://github.com/blueglyph/bootstrap?tag=v1.0#2d0ea06c42bb29aba2d310c964175f503fe2c578"

[[package]]
name = "lexiparser"
version = "0.1.0"
dependencies = [
 "bootstrap",
]
